{
  "name": "pareto-lionweb",
  "version": "0.1.19",
  "lockfileVersion": 3,
  "requires": true,
  "packages": {
    "": {
      "name": "pareto-lionweb",
      "version": "0.1.19",
      "license": "Apache-2.0",
      "dependencies": {
        "lib": "file:../lib",
        "pareto-host-nodejs": "^0.2.0",
        "pareto-resource-filesystem-unrestricted": "^0.1.0",
        "pareto-resource-stream": "^0.1.0"
      },
      "engines": {
        "node": ">=14.0.0"
      }
    },
    "../lib": {
      "name": "pareto-lionweb",
      "version": "0.1.38",
      "license": "Apache-2.0",
      "dependencies": {
        "astn-core": "^0.5.0",
        "liana-core": "^0.1.0",
        "pareto-application-api": "^0.1.0",
        "pareto-core": "^0.1.0",
        "pareto-core-dev": "^0.12.0",
        "pareto-filesystem-unrestricted-api": "^0.1.0",
        "pareto-fountain-pen": "^0.4.0",
        "pareto-graphviz": "^0.2.0",
        "pareto-json": "^0.3.0",
        "pareto-stream-api": "^0.1.0"
      },
      "engines": {
        "node": ">=14.0.0"
      }
    },
    "node_modules/lib": {
      "resolved": "../lib",
      "link": true
    },
    "node_modules/pareto-application-api": {
      "version": "0.1.7",
      "resolved": "https://registry.npmjs.org/pareto-application-api/-/pareto-application-api-0.1.7.tgz",
      "integrity": "sha512-mTFv1nL8jyYAGmEb38AJdtuVu8TfbZNRmFvNYPjHrIRzBcB7xx7hR6C8WUqWEbv9XNig9G4KEfa0MKNCTPR2WQ==",
      "license": "Apache-2.0",
      "dependencies": {
        "pareto-core": "^0.1.0"
      }
    },
    "node_modules/pareto-core": {
      "version": "0.1.288",
      "resolved": "https://registry.npmjs.org/pareto-core/-/pareto-core-0.1.288.tgz",
      "integrity": "sha512-coR5631AUrBqElUQQw1LoLREUmQPNygfFzPEzJwBuqmTn9B8cfE7hjeiy3X5UF80N+NXkhN2fPRlddtHrl6YQw==",
      "license": "Apache-2.0"
    },
    "node_modules/pareto-core-shorthands": {
      "version": "0.2.61",
      "resolved": "https://registry.npmjs.org/pareto-core-shorthands/-/pareto-core-shorthands-0.2.61.tgz",
      "integrity": "sha512-dCPj+lF9rBzFYc94/Hd27cHzki7pYixB/UgoznIGkf3Eay8Ydv6yMTLEnMZ9aMfSaEjiwJFXkg21zijCI0R2ww==",
      "license": "Apache-2.0",
      "dependencies": {
        "pareto-core": "^0.1.0"
      }
    },
    "node_modules/pareto-filesystem-unrestricted-api": {
      "version": "0.1.24",
      "resolved": "https://registry.npmjs.org/pareto-filesystem-unrestricted-api/-/pareto-filesystem-unrestricted-api-0.1.24.tgz",
      "integrity": "sha512-K+pFDnV2HMDN/t51SD2yJkyUQ13BBfItLDEjBf5Mxr30eoA815eQESklbX1PW9+T8iqUwnfA8g35AOkR7SxfxQ==",
      "license": "Apache-2.0",
      "dependencies": {
        "pareto-core": "^0.1.0",
        "pareto-fountain-pen": "^0.4.0"
      }
    },
    "node_modules/pareto-fountain-pen": {
      "version": "0.4.114",
      "resolved": "https://registry.npmjs.org/pareto-fountain-pen/-/pareto-fountain-pen-0.4.114.tgz",
      "integrity": "sha512-Glcg+T0gFyz1Coww0ySBenK52O24J53gWi2VM4rGYt8dfUTWE0P8B56kjDGFxjSe0gx6/OAjlgusUM7moJx0TQ==",
      "license": "Apache-2.0",
      "dependencies": {
        "pareto-core": "^0.1.0",
        "pareto-core-shorthands": "^0.2.0"
      },
      "engines": {
        "node": ">=14.0.0"
      }
    },
    "node_modules/pareto-host-nodejs": {
      "version": "0.2.93",
      "resolved": "https://registry.npmjs.org/pareto-host-nodejs/-/pareto-host-nodejs-0.2.93.tgz",
      "integrity": "sha512-mzt6fPQCldm2nJX+FZQxAobA/XIRufkhIkK71g1SyhKI2h432pfJNZUbLBaduhnyEmoltCn+6/B4A5AR6d9K8g==",
      "license": "Apache-2.0",
      "dependencies": {
        "pareto-application-api": "^0.1.0"
      }
    },
    "node_modules/pareto-resource-filesystem-unrestricted": {
      "version": "0.1.14",
      "resolved": "https://registry.npmjs.org/pareto-resource-filesystem-unrestricted/-/pareto-resource-filesystem-unrestricted-0.1.14.tgz",
      "integrity": "sha512-sy7oDZv4uBLViOLKwOrJaMd+UWkDsYYP49+pmb9b8rlaMCkyHTgm8ckpwoRfbVQC+m4r4p5j8DyqiVbbs6+Eqg==",
      "license": "Apache-2.0",
      "dependencies": {
        "pareto-core": "^0.1.0",
        "pareto-filesystem-unrestricted-api": "^0.1.0"
      },
      "engines": {
        "node": ">=14.0.0"
      }
    },
    "node_modules/pareto-resource-stream": {
      "version": "0.1.16",
      "resolved": "https://registry.npmjs.org/pareto-resource-stream/-/pareto-resource-stream-0.1.16.tgz",
      "integrity": "sha512-2K1TLY7d16Fzbc8Rwa3n4/1QKaniXXsjC3HcBT1qJdewS/41bP42i/JHv18yfQ6ykDQ7VkyZ4eugLZntFWHWYg==",
      "license": "Apache-2.0",
      "dependencies": {
        "pareto-core": "^0.1.0",
        "pareto-stream-api": "^0.1.0"
      },
      "engines": {
        "node": ">=14.0.0"
      }
    },
    "node_modules/pareto-stream-api": {
      "version": "0.1.37",
      "resolved": "https://registry.npmjs.org/pareto-stream-api/-/pareto-stream-api-0.1.37.tgz",
      "integrity": "sha512-CY2IeUKLy4ilOIxD9InxqrEc8ol2oj+X14fP3sBoL03W2C/eXlDAfkeyDX3Ey0fhYJSZBZQzYtG9rh8xOkMzyg==",
      "license": "Apache-2.0",
      "dependencies": {
        "pareto-core": "^0.1.0"
      }
    }
  }
}
