{
  "name": "pareto-lionweb",
  "version": "0.1.19",
  "lockfileVersion": 3,
  "requires": true,
  "packages": {
    "": {
      "name": "pareto-lionweb",
      "version": "0.1.19",
      "license": "Apache-2.0",
      "dependencies": {
        "lib": "file:../lib",
        "pareto-core-application": "^0.1.0",
        "pareto-resource-filesystem-unrestricted": "^0.1.0",
        "pareto-resource-stream": "^0.1.0"
      },
      "engines": {
        "node": ">=14.0.0"
      }
    },
    "../lib": {
      "name": "pareto-lionweb",
      "version": "0.1.43",
      "license": "Apache-2.0",
      "dependencies": {
        "astn-core": "^0.5.0",
        "liana-core": "^0.1.0",
        "pareto-application-api": "^0.1.0",
        "pareto-core": "^0.1.0",
        "pareto-core-dev": "^0.12.0",
        "pareto-filesystem-unrestricted-api": "^0.1.0",
        "pareto-fountain-pen": "^0.4.0",
        "pareto-graphviz": "^0.2.0",
        "pareto-json": "^0.3.0",
        "pareto-stream-api": "^0.1.0"
      },
      "engines": {
        "node": ">=14.0.0"
      }
    },
    "node_modules/lib": {
      "resolved": "../lib",
      "link": true
    },
    "node_modules/pareto-application-api": {
      "version": "0.1.8",
      "resolved": "https://registry.npmjs.org/pareto-application-api/-/pareto-application-api-0.1.8.tgz",
      "integrity": "sha512-o8hE4J4aSOC9vBx3qumRASbHr6FuivPbLE034GpCTHHcDcAB/+4sfv9sPHhxB7sk8wNWpHveI8x+GuYK41lxLQ==",
      "license": "Apache-2.0",
      "dependencies": {
        "pareto-core": "^0.1.0"
      }
    },
    "node_modules/pareto-core": {
      "version": "0.1.298",
      "resolved": "https://registry.npmjs.org/pareto-core/-/pareto-core-0.1.298.tgz",
      "integrity": "sha512-DXHj4pPyV/MjXNvoofyutSg2PttvV8bXQiHcQDsOHtgJ+54r7FwmhmKvX3i4JvYh/nhiFa2ty8ZQcN1tfILmbQ==",
      "license": "Apache-2.0"
    },
    "node_modules/pareto-core-application": {
      "version": "0.1.1",
      "resolved": "https://registry.npmjs.org/pareto-core-application/-/pareto-core-application-0.1.1.tgz",
      "integrity": "sha512-/4gU+0evxIzEjjSsYWW28huIHQLwlJ5FSG9i1LkHqWZZgUlADbdiYiUhV3ajTb/+jD2cu30ln09wF5Gj3295ng==",
      "license": "Apache-2.0",
      "dependencies": {
        "pareto-application-api": "^0.1.0"
      }
    },
    "node_modules/pareto-core-shorthands": {
      "version": "0.2.61",
      "resolved": "https://registry.npmjs.org/pareto-core-shorthands/-/pareto-core-shorthands-0.2.61.tgz",
      "integrity": "sha512-dCPj+lF9rBzFYc94/Hd27cHzki7pYixB/UgoznIGkf3Eay8Ydv6yMTLEnMZ9aMfSaEjiwJFXkg21zijCI0R2ww==",
      "license": "Apache-2.0",
      "dependencies": {
        "pareto-core": "^0.1.0"
      }
    },
    "node_modules/pareto-filesystem-unrestricted-api": {
      "version": "0.1.29",
      "resolved": "https://registry.npmjs.org/pareto-filesystem-unrestricted-api/-/pareto-filesystem-unrestricted-api-0.1.29.tgz",
      "integrity": "sha512-gUdo6oCi4gUG0GyxZqhqVQKomAH7OiryJdZ2SF1aAyV33tlPdtvD2oDohbnIVyQU0Wdafk+MuOkev2hGmZtgqQ==",
      "license": "Apache-2.0",
      "dependencies": {
        "pareto-core": "^0.1.0",
        "pareto-fountain-pen": "^0.4.0"
      }
    },
    "node_modules/pareto-fountain-pen": {
      "version": "0.4.116",
      "resolved": "https://registry.npmjs.org/pareto-fountain-pen/-/pareto-fountain-pen-0.4.116.tgz",
      "integrity": "sha512-2cH5h/WGMpRjfXRFnGQOYp7GeSs9QIQ3FGEmPTEajKnssM3lt5IIRno131jJcU+PerJu85DZiOUEGBlXoPTYqg==",
      "license": "Apache-2.0",
      "dependencies": {
        "pareto-core": "^0.1.0",
        "pareto-core-shorthands": "^0.2.0"
      },
      "engines": {
        "node": ">=14.0.0"
      }
    },
    "node_modules/pareto-resource-filesystem-unrestricted": {
      "version": "0.1.15",
      "resolved": "https://registry.npmjs.org/pareto-resource-filesystem-unrestricted/-/pareto-resource-filesystem-unrestricted-0.1.15.tgz",
      "integrity": "sha512-REuUJSy4ATvmBWujOw1s3p56KbXasezlVWtgaBZ07EMK5htRKIk/bN6letuJduO1n17zwVu6WvwW+bc/G8y0mA==",
      "license": "Apache-2.0",
      "dependencies": {
        "pareto-core": "^0.1.0",
        "pareto-filesystem-unrestricted-api": "^0.1.0"
      },
      "engines": {
        "node": ">=14.0.0"
      }
    },
    "node_modules/pareto-resource-stream": {
      "version": "0.1.18",
      "resolved": "https://registry.npmjs.org/pareto-resource-stream/-/pareto-resource-stream-0.1.18.tgz",
      "integrity": "sha512-XmtAoO9l9HwxlKGc5wrgO1V8Uv9p8zk7BTXTDsJ6fbijz2Dl1ZkPa4TS12bnudNE1HrRS4L/jDfyMM7kti9MMg==",
      "license": "Apache-2.0",
      "dependencies": {
        "pareto-core": "^0.1.0",
        "pareto-stream-api": "^0.1.0"
      },
      "engines": {
        "node": ">=14.0.0"
      }
    },
    "node_modules/pareto-stream-api": {
      "version": "0.1.38",
      "resolved": "https://registry.npmjs.org/pareto-stream-api/-/pareto-stream-api-0.1.38.tgz",
      "integrity": "sha512-SZBPLdLcRS2RCHf8cI7YGTxMgEVGpa7tQP1nxR9FzUz2HviVmR1H2o5zWqPz3k2tqo0P/bRHZlvF86zwTtzfGA==",
      "license": "Apache-2.0",
      "dependencies": {
        "pareto-core": "^0.1.0"
      }
    }
  }
}
