{
  "name": "pareto-lionweb",
  "version": "0.1.23",
  "lockfileVersion": 3,
  "requires": true,
  "packages": {
    "": {
      "name": "pareto-lionweb",
      "version": "0.1.23",
      "license": "Apache-2.0",
      "dependencies": {
        "liana-core": "^0.1.0",
        "pareto-graphviz": "^0.2.0",
        "pareto-json": "^0.3.0",
        "pareto-resources": "^0.2.0"
      },
      "engines": {
        "node": ">=14.0.0"
      }
    },
    "node_modules/astn-core": {
      "version": "0.5.102",
      "resolved": "https://registry.npmjs.org/astn-core/-/astn-core-0.5.102.tgz",
      "integrity": "sha512-RcDJVYrAYJTyM+DvEnc22Nj0ekKiCmzPQeny05ydSw+RWkNe8us+3Zjad4aghgk03mscohcjmA04zKjYbDZNpg==",
      "license": "Apache-2.0",
      "dependencies": {
        "pareto-fountain-pen": "^0.4.0"
      }
    },
    "node_modules/liana-core": {
      "version": "0.1.23",
      "resolved": "https://registry.npmjs.org/liana-core/-/liana-core-0.1.23.tgz",
      "integrity": "sha512-7zLHRECBR4mHeCCHoEk9VXNB25CuMsvKm/EiGrtoMD6IKHAdWS6XdGXGcIjXq8X+nAoN3k9UOohBhx4Isy8ttA==",
      "license": "Apache-2.0",
      "dependencies": {
        "astn-core": "^0.5.0",
        "pareto-core": "^0.1.0"
      }
    },
    "node_modules/pareto-core": {
      "version": "0.1.99",
      "resolved": "https://registry.npmjs.org/pareto-core/-/pareto-core-0.1.99.tgz",
      "integrity": "sha512-t8wYjVVIhNrb0vOXOnRq0aX7fN/OwH0ujdU5MBarpi7LgqvN/om+6FsqJjsBuPf6Th8KWiC+tUFHOOuiZKfVWA==",
      "license": "Apache-2.0"
    },
    "node_modules/pareto-core-dev": {
      "version": "0.12.17",
      "resolved": "https://registry.npmjs.org/pareto-core-dev/-/pareto-core-dev-0.12.17.tgz",
      "integrity": "sha512-8pXzrIu3dvfkKXsNnc8F3FmG7nfvX8IrKfWzUNe4/QRMrD+MzbCv/WcdCi/U0kuaFbfR5ad2U5I1YZy9vH/H0Q==",
      "license": "Apache-2.0",
      "dependencies": {
        "pareto-core": "^0.1.0"
      }
    },
    "node_modules/pareto-core-shorthands": {
      "version": "0.2.35",
      "resolved": "https://registry.npmjs.org/pareto-core-shorthands/-/pareto-core-shorthands-0.2.35.tgz",
      "integrity": "sha512-mVUEi4gmB+iZE5Q29fZQZQ3fpb0gk+bYOp/8H5E2UdhEzczMOKuDNGDIOnSxSlYqXPV/jGOuv7MSB3V7mEd9VA==",
      "license": "Apache-2.0",
      "dependencies": {
        "liana-core": "^0.1.0",
        "pareto-core": "^0.1.0"
      }
    },
    "node_modules/pareto-fountain-pen": {
      "version": "0.4.56",
      "resolved": "https://registry.npmjs.org/pareto-fountain-pen/-/pareto-fountain-pen-0.4.56.tgz",
      "integrity": "sha512-MCE/C7QIqzsfkg0VFVn8gPkKllY0c6MMYE3Mbo6psfGtvPHuXCvlM3OFBB5eA0F8Ri95lbKCDhK3nXgnv5kumg==",
      "license": "Apache-2.0",
      "dependencies": {
        "pareto-core": "^0.1.0",
        "pareto-core-shorthands": "^0.2.0"
      },
      "engines": {
        "node": ">=14.0.0"
      }
    },
    "node_modules/pareto-graphviz": {
      "version": "0.2.36",
      "resolved": "https://registry.npmjs.org/pareto-graphviz/-/pareto-graphviz-0.2.36.tgz",
      "integrity": "sha512-BaDI8vdsCf/OlMcN0/k8KhGjIl4vEHVECnh19U80PskhxQ2xjJP0KEBuq3yBExHR+Zk2bNXhYNTxzl82MmtLLw==",
      "license": "Apache-2.0",
      "dependencies": {
        "liana-core": "^0.1.0",
        "pareto-fountain-pen": "^0.4.0",
        "pareto-static-html": "^0.1.0"
      },
      "engines": {
        "node": ">=14.0.0"
      }
    },
    "node_modules/pareto-json": {
      "version": "0.3.55",
      "resolved": "https://registry.npmjs.org/pareto-json/-/pareto-json-0.3.55.tgz",
      "integrity": "sha512-hHC3OCejBpUzAg1e6KhW0ET9zPNkd5nMCZVtBxRh50nQQH3Fq98yru3RJMPMaE1TY6e3MVGaxAvtlt/4ltV49Q==",
      "license": "Apache-2.0",
      "dependencies": {
        "astn-core": "^0.5.0",
        "pareto-core-shorthands": "^0.2.0",
        "pareto-fountain-pen": "^0.4.0"
      },
      "engines": {
        "node": ">=14.0.0"
      }
    },
    "node_modules/pareto-resources": {
      "version": "0.2.84",
      "resolved": "https://registry.npmjs.org/pareto-resources/-/pareto-resources-0.2.84.tgz",
      "integrity": "sha512-R2VdsgZxJL0E5s1Dm1kxydAoLTS34QaA6/JzuARZZDWbso2az8wpihGNZcrg95egwiIL6ZjLXSQex/b2ha0LVg==",
      "license": "Apache-2.0",
      "dependencies": {
        "liana-core": "^0.1.0",
        "pareto-core-dev": "^0.12.0",
        "pareto-fountain-pen": "^0.4.0"
      }
    },
    "node_modules/pareto-static-html": {
      "version": "0.1.42",
      "resolved": "https://registry.npmjs.org/pareto-static-html/-/pareto-static-html-0.1.42.tgz",
      "integrity": "sha512-j+cnXElKIK6xjDTbjR8ImAw2mfd2vmYXw5H18DDK3mTvRCQsKdTsrviK69/vGnb5y3/zDXA8kNDS7fngV4QJZw==",
      "license": "Apache-2.0",
      "dependencies": {
        "liana-core": "^0.1.0",
        "pareto-fountain-pen": "^0.4.0"
      }
    }
  }
}
