{
  "name": "pareto-lionweb",
  "version": "0.1.10",
  "lockfileVersion": 3,
  "requires": true,
  "packages": {
    "": {
      "name": "pareto-lionweb",
      "version": "0.1.10",
      "license": "Apache-2.0",
      "dependencies": {
        "liana-core": "^0.0.38",
        "pareto-graphviz": "^0.2.23",
        "pareto-host-nodejs": "^0.2.34",
        "pareto-json": "^0.3.32",
        "pareto-resources": "^0.2.55"
      },
      "engines": {
        "node": ">=14.0.0"
      }
    },
    "node_modules/astn-core": {
      "version": "0.5.68",
      "resolved": "https://registry.npmjs.org/astn-core/-/astn-core-0.5.68.tgz",
      "integrity": "sha512-XVfkbuDcb1P4F+auluxJkmbYQ9fNPbl7AqW54KXeGkaMfJHUXLIcKMFPC42RGiiahlns14bWwx9Em5h8awDgWw==",
      "license": "Apache-2.0",
      "dependencies": {
        "pareto-fountain-pen": "^0.4.49"
      }
    },
    "node_modules/liana-core": {
      "version": "0.0.38",
      "resolved": "https://registry.npmjs.org/liana-core/-/liana-core-0.0.38.tgz",
      "integrity": "sha512-Reh5cjqHfdywRG7qINuPZPKAQhj5jNJQo8vOFuKXHoi7faKZJq2qwGLF258oXcfwqEkLyWjEdfu35eQhUSJ7OQ==",
      "license": "Apache-2.0",
      "dependencies": {
        "astn-core": "^0.5.61",
        "pareto-core": "^0.1.57"
      }
    },
    "node_modules/pareto-core": {
      "version": "0.1.62",
      "resolved": "https://registry.npmjs.org/pareto-core/-/pareto-core-0.1.62.tgz",
      "integrity": "sha512-A2S+w5/tIBb0dqypTymmxGN4ZeWEjxBkcf7nSvuhkt5fYlfIu9h+m1BRUGvdchwM2cmEzHHYPI8YENUM8+LkPg==",
      "license": "ISC"
    },
    "node_modules/pareto-core-shorthands": {
      "version": "0.2.25",
      "resolved": "https://registry.npmjs.org/pareto-core-shorthands/-/pareto-core-shorthands-0.2.25.tgz",
      "integrity": "sha512-zy//Do3EnhFJ3hP4FSPAeCmbGjUCm8d0JQVFqK8hqoCkG6zG7/9ieT1+kFoe3Tz74DhsgrRListLq0k4AxJZug==",
      "license": "ISC",
      "dependencies": {
        "astn-core": "^0.5.65",
        "pareto-core": "^0.1.57"
      }
    },
    "node_modules/pareto-fountain-pen": {
      "version": "0.4.49",
      "resolved": "https://registry.npmjs.org/pareto-fountain-pen/-/pareto-fountain-pen-0.4.49.tgz",
      "integrity": "sha512-sHGn0GnkcQf72vSbqtkZONmNg/EX875dXiyUbDBmBFI2sZAfeFRim7PD+CLEHQGDRDPh3FktDI3+dldt1d8wRA==",
      "license": "Apache-2.0",
      "dependencies": {
        "pareto-core": "^0.1.53",
        "pareto-core-shorthands": "^0.2.20"
      },
      "engines": {
        "node": ">=14.0.0"
      }
    },
    "node_modules/pareto-fountain-pen-file-structure": {
      "version": "0.0.6",
      "resolved": "https://registry.npmjs.org/pareto-fountain-pen-file-structure/-/pareto-fountain-pen-file-structure-0.0.6.tgz",
      "integrity": "sha512-T6hEGPrHDbl4Psxfe6KUB/ltXQKZ6X8rlX7xfJtUmyPuI5ZmqrELGGOgpIQn6FXhVWqI3qFC82u5wd34NUFZjg==",
      "license": "Apache-2.0",
      "dependencies": {
        "pareto-resources": "^0.2.49"
      },
      "engines": {
        "node": ">=14.0.0"
      }
    },
    "node_modules/pareto-graphviz": {
      "version": "0.2.23",
      "resolved": "https://registry.npmjs.org/pareto-graphviz/-/pareto-graphviz-0.2.23.tgz",
      "integrity": "sha512-hzzM7UCZkDEuwdlGJyM5nikxDRCUxUt4CNFR/MlF8lVSMLfrgk/V1VXwU7RUyIG2Be4IxqVgrCiLTBKrL2fm0A==",
      "license": "Apache-2.0",
      "dependencies": {
        "liana-core": "^0.0.35",
        "pareto-fountain-pen": "^0.4.49",
        "pareto-fountain-pen-file-structure": "^0.0.6",
        "pareto-static-html": "^0.1.29"
      },
      "engines": {
        "node": ">=14.0.0"
      }
    },
    "node_modules/pareto-graphviz/node_modules/liana-core": {
      "version": "0.0.35",
      "resolved": "https://registry.npmjs.org/liana-core/-/liana-core-0.0.35.tgz",
      "integrity": "sha512-sNKI5qV9KZvzCY78bpFlOLxY5LCFljYWoCY3JO4aOt0qHKWLvKZqgxwdG/JWgy07v3BJQY5ae9GoikaA1tQspA==",
      "license": "Apache-2.0",
      "dependencies": {
        "astn-core": "^0.5.57",
        "pareto-core": "^0.1.54"
      }
    },
    "node_modules/pareto-host-nodejs": {
      "version": "0.2.34",
      "resolved": "https://registry.npmjs.org/pareto-host-nodejs/-/pareto-host-nodejs-0.2.34.tgz",
      "integrity": "sha512-KJFxMyfajr23m6Jgtsqxf85Ta5hum8u3T6IZ0YBoI1pSTybPLdHnnVqUS97zr9FLrLfnnAxtC6uqQrw0JOCTAQ==",
      "license": "ISC",
      "dependencies": {
        "pareto-resources": "^0.2.54"
      }
    },
    "node_modules/pareto-json": {
      "version": "0.3.32",
      "resolved": "https://registry.npmjs.org/pareto-json/-/pareto-json-0.3.32.tgz",
      "integrity": "sha512-s3R8qP8xxuc0a+yXkx3UT0D5U46lP5kfQ57zYD/4Huc0n5+ToBURf8DNR+bPfW92cgIz9NWv1uT4jK7fRSPdNw==",
      "license": "Apache-2.0",
      "dependencies": {
        "astn-core": "^0.5.62",
        "pareto-core-shorthands": "^0.2.24",
        "pareto-fountain-pen": "^0.4.49"
      },
      "engines": {
        "node": ">=14.0.0"
      }
    },
    "node_modules/pareto-resources": {
      "version": "0.2.55",
      "resolved": "https://registry.npmjs.org/pareto-resources/-/pareto-resources-0.2.55.tgz",
      "integrity": "sha512-/Ld/njww79uo5sTlY0NZaS2hLns8rYrRUkT3XaYnlhkrMe4bxUjspO4HIbnCm3Vxq31/IN0H0ol2adGGBX3kKg==",
      "license": "Apache-2.0",
      "dependencies": {
        "liana-core": "^0.0.38",
        "pareto-fountain-pen": "^0.4.49"
      }
    },
    "node_modules/pareto-static-html": {
      "version": "0.1.29",
      "resolved": "https://registry.npmjs.org/pareto-static-html/-/pareto-static-html-0.1.29.tgz",
      "integrity": "sha512-bLEc7er24OxuK9Zn6FF19X8rR0AuXjHnZCjiQ8w6q15WAW+LXpDR6yn+p57jyJPZDAu62/hBeC2A1hvzW1ICnA==",
      "license": "Apache-2.0",
      "dependencies": {
        "liana-core": "^0.0.35",
        "pareto-fountain-pen": "^0.4.49",
        "pareto-fountain-pen-file-structure": "^0.0.6"
      }
    },
    "node_modules/pareto-static-html/node_modules/liana-core": {
      "version": "0.0.35",
      "resolved": "https://registry.npmjs.org/liana-core/-/liana-core-0.0.35.tgz",
      "integrity": "sha512-sNKI5qV9KZvzCY78bpFlOLxY5LCFljYWoCY3JO4aOt0qHKWLvKZqgxwdG/JWgy07v3BJQY5ae9GoikaA1tQspA==",
      "license": "Apache-2.0",
      "dependencies": {
        "astn-core": "^0.5.57",
        "pareto-core": "^0.1.54"
      }
    }
  }
}
