{
  "name": "pareto-lionweb",
  "version": "0.1.16",
  "lockfileVersion": 3,
  "requires": true,
  "packages": {
    "": {
      "name": "pareto-lionweb",
      "version": "0.1.16",
      "license": "Apache-2.0",
      "dependencies": {
        "liana-core": "^0.1.9",
        "pareto-graphviz": "^0.2.28",
        "pareto-host-nodejs": "^0.2.38",
        "pareto-json": "^0.3.36",
        "pareto-resources": "^0.2.66"
      },
      "engines": {
        "node": ">=14.0.0"
      }
    },
    "node_modules/astn-core": {
      "version": "0.5.84",
      "resolved": "https://registry.npmjs.org/astn-core/-/astn-core-0.5.84.tgz",
      "integrity": "sha512-Sna8CituddXq8T03kpUga/E23qtVUh3LHRCKNET5IzJVck3XkK+6aYe7kXMrPqNGefXhmA6QDstwSDS4ag49Xg==",
      "license": "Apache-2.0",
      "dependencies": {
        "pareto-fountain-pen": "^0.4.51"
      }
    },
    "node_modules/liana-core": {
      "version": "0.1.9",
      "resolved": "https://registry.npmjs.org/liana-core/-/liana-core-0.1.9.tgz",
      "integrity": "sha512-luGmXLtBo5EUaWWABdn5beYPriHpWKYShQDFrHyD8TeSbrHu44hPR6xPSHJLNdHKuBScARQ8MhznQVW9Q5Q4Mw==",
      "license": "Apache-2.0",
      "dependencies": {
        "astn-core": "^0.5.84",
        "pareto-core": "^0.1.63"
      }
    },
    "node_modules/pareto-core": {
      "version": "0.1.63",
      "resolved": "https://registry.npmjs.org/pareto-core/-/pareto-core-0.1.63.tgz",
      "integrity": "sha512-iqNgcLOSUoqen6hGNyA4rOEiL8eN/o0TwuKI/xHfryjmKhd5h1VCArQ0Mvyat9DppGtSY1KwNBjBIy+wcKTqGg==",
      "license": "ISC"
    },
    "node_modules/pareto-core-shorthands": {
      "version": "0.2.27",
      "resolved": "https://registry.npmjs.org/pareto-core-shorthands/-/pareto-core-shorthands-0.2.27.tgz",
      "integrity": "sha512-mVO83ZG3UzH5/Fr4imM6RonQ9j+FC50Q4j8V3aHzOWQUluwheDJSqk4uyL+akkYdd/3sgKMR5fY3sDbFrA/fvg==",
      "license": "ISC",
      "dependencies": {
        "astn-core": "^0.5.73",
        "pareto-core": "^0.1.63"
      }
    },
    "node_modules/pareto-fountain-pen": {
      "version": "0.4.51",
      "resolved": "https://registry.npmjs.org/pareto-fountain-pen/-/pareto-fountain-pen-0.4.51.tgz",
      "integrity": "sha512-p8e6agCwAxvos0n1mPL6L9tVXm8rEoCTE5CC9/yOd5RwlH/ma/MOle6xW1utg+2Jm7JEKp4YdGYnD8u1RkvCPA==",
      "license": "Apache-2.0",
      "dependencies": {
        "pareto-core": "^0.1.63",
        "pareto-core-shorthands": "^0.2.27"
      },
      "engines": {
        "node": ">=14.0.0"
      }
    },
    "node_modules/pareto-graphviz": {
      "version": "0.2.28",
      "resolved": "https://registry.npmjs.org/pareto-graphviz/-/pareto-graphviz-0.2.28.tgz",
      "integrity": "sha512-ORFpoHMgSnAG1R6+baJjLKMyDG54f0fpdDLYwMArBb7TyU61c2Sa4lTtFxVjkuEq7cXCOM58ZQ/FtwVm0iXaWg==",
      "license": "Apache-2.0",
      "dependencies": {
        "liana-core": "^0.1.7",
        "pareto-fountain-pen": "^0.4.51",
        "pareto-static-html": "^0.1.34"
      },
      "engines": {
        "node": ">=14.0.0"
      }
    },
    "node_modules/pareto-host-nodejs": {
      "version": "0.2.38",
      "resolved": "https://registry.npmjs.org/pareto-host-nodejs/-/pareto-host-nodejs-0.2.38.tgz",
      "integrity": "sha512-PyjWuGjkui9vVhPqgTgBRzTYvuPN3iM1YntM4lZNWiT/+hiSdzzOolJPLNW5UunBKmVWLKj5PROzlKxU1/RUBg==",
      "license": "ISC",
      "dependencies": {
        "pareto-resources": "^0.2.61"
      }
    },
    "node_modules/pareto-json": {
      "version": "0.3.36",
      "resolved": "https://registry.npmjs.org/pareto-json/-/pareto-json-0.3.36.tgz",
      "integrity": "sha512-Yr8RcNhORcR8WZyoREKt7u1Jht084AZX744SrTVVRvuUGLzr5cR/tUFGURGFX+nCkMEKDOIi0NKg6jjWLwvgDg==",
      "license": "Apache-2.0",
      "dependencies": {
        "astn-core": "^0.5.84",
        "pareto-core-shorthands": "^0.2.27",
        "pareto-fountain-pen": "^0.4.51"
      },
      "engines": {
        "node": ">=14.0.0"
      }
    },
    "node_modules/pareto-resources": {
      "version": "0.2.66",
      "resolved": "https://registry.npmjs.org/pareto-resources/-/pareto-resources-0.2.66.tgz",
      "integrity": "sha512-F5gQUQoyWTemBrGsNlOIRoDMViHEOQXC8jmLaXTeGeWXHn3ilt1vuMvyOsmGNu5/7Cx5Q/bDJgyCjI2BeD5CuQ==",
      "license": "Apache-2.0",
      "dependencies": {
        "liana-core": "^0.1.7",
        "pareto-fountain-pen": "^0.4.51"
      }
    },
    "node_modules/pareto-static-html": {
      "version": "0.1.35",
      "resolved": "https://registry.npmjs.org/pareto-static-html/-/pareto-static-html-0.1.35.tgz",
      "integrity": "sha512-cBjBHPcvXw2RdPmtux3jfr9c/kEhdG3et4HwtMXL5gRSUJEotRHjWpz1y4TxJQumyvurHanEarbPhZ5etV5qZw==",
      "license": "Apache-2.0",
      "dependencies": {
        "liana-core": "^0.1.7",
        "pareto-fountain-pen": "^0.4.51"
      }
    }
  }
}
