{
  "name": "pareto-lionweb",
  "version": "0.1.0",
  "lockfileVersion": 3,
  "requires": true,
  "packages": {
    "": {
      "name": "pareto-lionweb",
      "version": "0.1.0",
      "license": "Apache-2.0",
      "dependencies": {
        "exupery-core-alg": "^0.2.0",
        "exupery-core-bin": "^0.2.0",
        "exupery-core-rawdata": "^0.1.7",
        "exupery-resources": "^0.2.0",
        "pareto-standard-operations": "^0.2.0"
      },
      "engines": {
        "node": ">=14.0.0"
      }
    },
    "node_modules/exupery-core-alg": {
      "version": "0.2.0",
      "resolved": "https://registry.npmjs.org/exupery-core-alg/-/exupery-core-alg-0.2.0.tgz",
      "integrity": "sha512-A+oCuZo9xhGITkz9h97/Wwq9w/ZhQwd/DZjJzazgzvtGYhbG78uEG8Jdj5jAPRVFFWbHxI0iX9qHPhKbew21HA==",
      "license": "ISC",
      "dependencies": {
        "exupery-core-internals": "^0.2.0"
      }
    },
    "node_modules/exupery-core-async": {
      "version": "0.2.0",
      "resolved": "https://registry.npmjs.org/exupery-core-async/-/exupery-core-async-0.2.0.tgz",
      "integrity": "sha512-1E3F/nxgxpm6mhGdMlWH1QOyKlIYdd/VD4C/FKBRSVtvOAdGC6fyZNc079odMfaJsSoBODrB1heEej4ufImLNA==",
      "license": "Apache-2.0",
      "dependencies": {
        "exupery-core-internals": "^0.2.0"
      }
    },
    "node_modules/exupery-core-bin": {
      "version": "0.2.0",
      "resolved": "https://registry.npmjs.org/exupery-core-bin/-/exupery-core-bin-0.2.0.tgz",
      "integrity": "sha512-rzB4YIZODUIVy3OOQlF6i89V3WR1cR2jPxQQKeysgayVsvLfo81W+agENflwjRbbofPAxyabKghfxfMYDiBSWw==",
      "license": "ISC",
      "dependencies": {
        "exupery-core-async": "^0.2.0",
        "exupery-core-internals": "^0.2.0"
      }
    },
    "node_modules/exupery-core-dev": {
      "version": "0.2.0",
      "resolved": "https://registry.npmjs.org/exupery-core-dev/-/exupery-core-dev-0.2.0.tgz",
      "integrity": "sha512-UElqUKONuwGce8XnoD7/Clq5gsmMrl0QmA5WNDOAfRNmyxjtDbckAUnRgNiiUIMl87qiFpOk0unkc4do+hK3nA==",
      "license": "ISC",
      "dependencies": {
        "exupery-core-internals": "^0.2.0"
      }
    },
    "node_modules/exupery-core-internals": {
      "version": "0.2.0",
      "resolved": "https://registry.npmjs.org/exupery-core-internals/-/exupery-core-internals-0.2.0.tgz",
      "integrity": "sha512-Y35ieuL3dXPrKnlSKvS4wSAZYjR5ACKYn+4FC2dsTlOZO0aXlHqQKYSTy/0uU+710Qxxe7PSb62ktS4WTtYsqg==",
      "license": "ISC",
      "dependencies": {
        "exupery-core-types": "^0.2.0"
      }
    },
    "node_modules/exupery-core-rawdata": {
      "version": "0.1.7",
      "resolved": "https://registry.npmjs.org/exupery-core-rawdata/-/exupery-core-rawdata-0.1.7.tgz",
      "integrity": "sha512-ZJqg2Mb4Yfb8iyp9a0brd0EW2ROdrDmMwkRGRoUuaySuKPHfD437KNHS4yN/CDA3yPvSXLOo37WZh/KjL8E08g==",
      "license": "ISC",
      "dependencies": {
        "exupery-core-internals": "^0.1.13"
      }
    },
    "node_modules/exupery-core-rawdata/node_modules/exupery-core-internals": {
      "version": "0.1.15",
      "resolved": "https://registry.npmjs.org/exupery-core-internals/-/exupery-core-internals-0.1.15.tgz",
      "integrity": "sha512-IR7V8Wz2uWy89+jb0z1NuMyW6R4q56Qy+MptLmNdy+iPn9bkU6F7TFtMGRfcOEcuOJShFFRqa3ALTowZG0tLEg==",
      "license": "ISC",
      "dependencies": {
        "exupery-core-types": "^0.1.6"
      }
    },
    "node_modules/exupery-core-rawdata/node_modules/exupery-core-types": {
      "version": "0.1.6",
      "resolved": "https://registry.npmjs.org/exupery-core-types/-/exupery-core-types-0.1.6.tgz",
      "integrity": "sha512-KhulSFIk8Te7EhJH6mW/fyF/liUkB+Cl2tcbPXnxXjUvHLZc15aYM9OFuFpoHGkX2ZsjMOkcDEsQW15Dirdy+w==",
      "license": "Apache-2.0"
    },
    "node_modules/exupery-core-types": {
      "version": "0.2.0",
      "resolved": "https://registry.npmjs.org/exupery-core-types/-/exupery-core-types-0.2.0.tgz",
      "integrity": "sha512-Wh4tIDr3JOW/0XSMEnpcvoGsaWoY3fUDrSHxmPae1DdoTiC/cLy+T9JyvMdz26DEHjxW2J48kk5DGhJ8JZsNHA==",
      "license": "Apache-2.0"
    },
    "node_modules/exupery-resources": {
      "version": "0.2.0",
      "resolved": "https://registry.npmjs.org/exupery-resources/-/exupery-resources-0.2.0.tgz",
      "integrity": "sha512-0lwYAc1dHUWzKNjN1v6LpoCiVCMoqwLM+8qVlP7noYJrXHFVUQjMUqHmrxnOcCvMuZBQcRO1Etj1yBzw+tyL9Q==",
      "dependencies": {
        "exupery-core-alg": "^0.2.0",
        "exupery-core-async": "^0.2.0",
        "exupery-core-dev": "^0.2.0"
      }
    },
    "node_modules/exupery-standard-library": {
      "version": "0.2.0",
      "resolved": "https://registry.npmjs.org/exupery-standard-library/-/exupery-standard-library-0.2.0.tgz",
      "integrity": "sha512-/m26+Iht4AOvGHRxpMbE8wafEWFmm3siBqS8wT36n2mPlIKoO3z5p44S/4GtRlq+Fuk2JqnpPjURDT/+Pobddg==",
      "dependencies": {
        "exupery-core-alg": "^0.2.0"
      }
    },
    "node_modules/pareto-standard-operations": {
      "version": "0.2.0",
      "resolved": "https://registry.npmjs.org/pareto-standard-operations/-/pareto-standard-operations-0.2.0.tgz",
      "integrity": "sha512-N6KqtbKWwBgO+LxiWjiQwoWmW5wNLwrPosaVkgKHKYADaAWU4QYBHR6ywlKJfUePfhFpzO6EVwP1NA/rQgX6Xw==",
      "dependencies": {
        "exupery-core-alg": "^0.2.0",
        "exupery-standard-library": "^0.2.0"
      }
    }
  }
}
